{
  "nodes": {
    "nixpkgs": {
      "locked": {
        "lastModified": 1623427436,
        "narHash": "sha256-vgCC7UGjY2hNpF+8PD0K6b9noxRUKdvEeTD7czihyjQ=",
        "ref": "sourcehut-builds-qemu-image",
        "rev": "df772bccbed3cc73191247949197a17b0ca887d3",
        "revCount": 294111,
        "type": "git",
        "url": "file:///etc/nixos/nixpkgs"
      },
      "original": {
        "ref": "sourcehut-builds-qemu-image",
        "type": "git",
        "url": "file:///etc/nixos/nixpkgs"
      }
    },
    "root": {
      "inputs": {
        "nixpkgs": "nixpkgs"
      }
    }
  },
  "root": "root",
  "version": 7
}
